
Microsoft Visual Studio Solution File, Format Version 12.00
# Visual Studio Version 17
VisualStudioVersion = 17.10.35027.167
MinimumVisualStudioVersion = 10.0.40219.1
Project("{9A19103F-16F7-4668-BE54-9A1E7A4F7556}") = "DPM225453_PhanHuuNhan_Myworld03_Factory", "MY WORLD factory method\DPM225453_PhanHuuNhan_Myworld03_Factory.csproj", "{04FFFB11-C0E0-4287-9FAB-F3DEFD47F577}"
EndProject
Global
	GlobalSection(SolutionConfigurationPlatforms) = preSolution
		Debug|Any CPU = Debug|Any CPU
		Release|Any CPU = Release|Any CPU
	EndGlobalSection
	GlobalSection(ProjectConfigurationPlatforms) = postSolution
		{04FFFB11-C0E0-4287-9FAB-F3DEFD47F577}.Debug|Any CPU.ActiveCfg = Debug|Any CPU
		{04FFFB11-C0E0-4287-9FAB-F3DEFD47F577}.Debug|Any CPU.Build.0 = Debug|Any CPU
		{04FFFB11-C0E0-4287-9FAB-F3DEFD47F577}.Release|Any CPU.ActiveCfg = Release|Any CPU
		{04FFFB11-C0E0-4287-9FAB-F3DEFD47F577}.Release|Any CPU.Build.0 = Release|Any CPU
	EndGlobalSection
	GlobalSection(SolutionProperties) = preSolution
		HideSolutionNode = FALSE
	EndGlobalSection
	GlobalSection(ExtensibilityGlobals) = postSolution
		SolutionGuid = {F8153BFC-CB80-4433-906D-1A3CB8F5ED2A}
	EndGlobalSection
EndGlobal
