
Microsoft Visual Studio Solution File, Format Version 12.00
# Visual Studio Version 17
VisualStudioVersion = 17.10.35027.167
MinimumVisualStudioVersion = 10.0.40219.1
Project("{9A19103F-16F7-4668-BE54-9A1E7A4F7556}") = "DPM225453_PhanHuuNhan_Pattern01_Prototype", "DPM225453_PhanHuuNhan_Pattern01_Prototype.csproj", "{BB5663D2-ED5A-4F28-B8A1-9E94A5F58E6A}"
EndProject
Global
	GlobalSection(SolutionConfigurationPlatforms) = preSolution
		Debug|Any CPU = Debug|Any CPU
		Release|Any CPU = Release|Any CPU
	EndGlobalSection
	GlobalSection(ProjectConfigurationPlatforms) = postSolution
		{BB5663D2-ED5A-4F28-B8A1-9E94A5F58E6A}.Debug|Any CPU.ActiveCfg = Debug|Any CPU
		{BB5663D2-ED5A-4F28-B8A1-9E94A5F58E6A}.Debug|Any CPU.Build.0 = Debug|Any CPU
		{BB5663D2-ED5A-4F28-B8A1-9E94A5F58E6A}.Release|Any CPU.ActiveCfg = Release|Any CPU
		{BB5663D2-ED5A-4F28-B8A1-9E94A5F58E6A}.Release|Any CPU.Build.0 = Release|Any CPU
	EndGlobalSection
	GlobalSection(SolutionProperties) = preSolution
		HideSolutionNode = FALSE
	EndGlobalSection
	GlobalSection(ExtensibilityGlobals) = postSolution
		SolutionGuid = {52BF9454-C978-4A6E-8894-6C148C446440}
	EndGlobalSection
EndGlobal
