
Microsoft Visual Studio Solution File, Format Version 12.00
# Visual Studio Version 17
VisualStudioVersion = 17.10.35027.167
MinimumVisualStudioVersion = 10.0.40219.1
Project("{FAE04EC0-301F-11D3-BF4B-00C04F79EFBC}") = "DPM225453_PhanHuuNhan_Pattern15_Interpreter", "DPM225453_PhanHuuNhan_Pattern15_Interpreter\DPM225453_PhanHuuNhan_Pattern15_Interpreter.csproj", "{2EC3306C-F5C0-42DC-94FB-55B96AACB200}"
EndProject
Global
	GlobalSection(SolutionConfigurationPlatforms) = preSolution
		Debug|Any CPU = Debug|Any CPU
		Release|Any CPU = Release|Any CPU
	EndGlobalSection
	GlobalSection(ProjectConfigurationPlatforms) = postSolution
		{2EC3306C-F5C0-42DC-94FB-55B96AACB200}.Debug|Any CPU.ActiveCfg = Debug|Any CPU
		{2EC3306C-F5C0-42DC-94FB-55B96AACB200}.Debug|Any CPU.Build.0 = Debug|Any CPU
		{2EC3306C-F5C0-42DC-94FB-55B96AACB200}.Release|Any CPU.ActiveCfg = Release|Any CPU
		{2EC3306C-F5C0-42DC-94FB-55B96AACB200}.Release|Any CPU.Build.0 = Release|Any CPU
	EndGlobalSection
	GlobalSection(SolutionProperties) = preSolution
		HideSolutionNode = FALSE
	EndGlobalSection
	GlobalSection(ExtensibilityGlobals) = postSolution
		SolutionGuid = {CE7BF9AF-C42A-4905-8BD1-3968B1859894}
	EndGlobalSection
EndGlobal
