
Microsoft Visual Studio Solution File, Format Version 12.00
# Visual Studio Version 17
VisualStudioVersion = 17.10.35027.167
MinimumVisualStudioVersion = 10.0.40219.1
Project("{9A19103F-16F7-4668-BE54-9A1E7A4F7556}") = "DPM225453_PhanHuuNhan_Pattern01_Singleton", "DPM225453_PhanHuuNhan_Pattern01_Singleton.csproj", "{ADDD0D65-41F0-4F8E-9442-1899A5D1FAD6}"
EndProject
Global
	GlobalSection(SolutionConfigurationPlatforms) = preSolution
		Debug|Any CPU = Debug|Any CPU
		Release|Any CPU = Release|Any CPU
	EndGlobalSection
	GlobalSection(ProjectConfigurationPlatforms) = postSolution
		{ADDD0D65-41F0-4F8E-9442-1899A5D1FAD6}.Debug|Any CPU.ActiveCfg = Debug|Any CPU
		{ADDD0D65-41F0-4F8E-9442-1899A5D1FAD6}.Debug|Any CPU.Build.0 = Debug|Any CPU
		{ADDD0D65-41F0-4F8E-9442-1899A5D1FAD6}.Release|Any CPU.ActiveCfg = Release|Any CPU
		{ADDD0D65-41F0-4F8E-9442-1899A5D1FAD6}.Release|Any CPU.Build.0 = Release|Any CPU
	EndGlobalSection
	GlobalSection(SolutionProperties) = preSolution
		HideSolutionNode = FALSE
	EndGlobalSection
	GlobalSection(ExtensibilityGlobals) = postSolution
		SolutionGuid = {94DE3018-7498-4C74-AC7F-FD543BFD5706}
	EndGlobalSection
EndGlobal
