
Microsoft Visual Studio Solution File, Format Version 12.00
# Visual Studio Version 17
VisualStudioVersion = 17.10.35027.167
MinimumVisualStudioVersion = 10.0.40219.1
Project("{9A19103F-16F7-4668-BE54-9A1E7A4F7556}") = "DPM225453_PhanHuuNhan_Myworld01_AbstractFactory", "DPM225453_PhanHuuNhan_Myworld01_AbstractFactory.csproj", "{56F4DAA1-9999-49C0-94BB-EA26EC641A23}"
EndProject
Global
	GlobalSection(SolutionConfigurationPlatforms) = preSolution
		Debug|Any CPU = Debug|Any CPU
		Release|Any CPU = Release|Any CPU
	EndGlobalSection
	GlobalSection(ProjectConfigurationPlatforms) = postSolution
		{56F4DAA1-9999-49C0-94BB-EA26EC641A23}.Debug|Any CPU.ActiveCfg = Debug|Any CPU
		{56F4DAA1-9999-49C0-94BB-EA26EC641A23}.Debug|Any CPU.Build.0 = Debug|Any CPU
		{56F4DAA1-9999-49C0-94BB-EA26EC641A23}.Release|Any CPU.ActiveCfg = Release|Any CPU
		{56F4DAA1-9999-49C0-94BB-EA26EC641A23}.Release|Any CPU.Build.0 = Release|Any CPU
	EndGlobalSection
	GlobalSection(SolutionProperties) = preSolution
		HideSolutionNode = FALSE
	EndGlobalSection
	GlobalSection(ExtensibilityGlobals) = postSolution
		SolutionGuid = {4005BF51-7FE4-4121-A2A7-8FA769EEA13E}
	EndGlobalSection
EndGlobal
