
Microsoft Visual Studio Solution File, Format Version 12.00
# Visual Studio Version 17
VisualStudioVersion = 17.10.35027.167
MinimumVisualStudioVersion = 10.0.40219.1
Project("{9A19103F-16F7-4668-BE54-9A1E7A4F7556}") = "DPM225453_PhanHuuNhan_Myworld01_Builder", "DPM225453_PhanHuuNhan_Myworld01_Builder.csproj", "{3FD2ED0C-B786-4225-AA79-294B3C2D4611}"
EndProject
Global
	GlobalSection(SolutionConfigurationPlatforms) = preSolution
		Debug|Any CPU = Debug|Any CPU
		Release|Any CPU = Release|Any CPU
	EndGlobalSection
	GlobalSection(ProjectConfigurationPlatforms) = postSolution
		{3FD2ED0C-B786-4225-AA79-294B3C2D4611}.Debug|Any CPU.ActiveCfg = Debug|Any CPU
		{3FD2ED0C-B786-4225-AA79-294B3C2D4611}.Debug|Any CPU.Build.0 = Debug|Any CPU
		{3FD2ED0C-B786-4225-AA79-294B3C2D4611}.Release|Any CPU.ActiveCfg = Release|Any CPU
		{3FD2ED0C-B786-4225-AA79-294B3C2D4611}.Release|Any CPU.Build.0 = Release|Any CPU
	EndGlobalSection
	GlobalSection(SolutionProperties) = preSolution
		HideSolutionNode = FALSE
	EndGlobalSection
	GlobalSection(ExtensibilityGlobals) = postSolution
		SolutionGuid = {156F0819-94A5-4BF7-88DE-E8DA775F529D}
	EndGlobalSection
EndGlobal
