
Microsoft Visual Studio Solution File, Format Version 12.00
# Visual Studio Version 17
VisualStudioVersion = 17.10.35027.167
MinimumVisualStudioVersion = 10.0.40219.1
Project("{FAE04EC0-301F-11D3-BF4B-00C04F79EFBC}") = "DPM225453_PhanHuuNhan_Myworld23_Vision", "Myworld\DPM225453_PhanHuuNhan_Myworld23_Vision.csproj", "{222D240B-615E-4F09-825B-971AE5F9DD46}"
EndProject
Global
	GlobalSection(SolutionConfigurationPlatforms) = preSolution
		Debug|Any CPU = Debug|Any CPU
		Release|Any CPU = Release|Any CPU
	EndGlobalSection
	GlobalSection(ProjectConfigurationPlatforms) = postSolution
		{222D240B-615E-4F09-825B-971AE5F9DD46}.Debug|Any CPU.ActiveCfg = Debug|Any CPU
		{222D240B-615E-4F09-825B-971AE5F9DD46}.Debug|Any CPU.Build.0 = Debug|Any CPU
		{222D240B-615E-4F09-825B-971AE5F9DD46}.Release|Any CPU.ActiveCfg = Release|Any CPU
		{222D240B-615E-4F09-825B-971AE5F9DD46}.Release|Any CPU.Build.0 = Release|Any CPU
	EndGlobalSection
	GlobalSection(SolutionProperties) = preSolution
		HideSolutionNode = FALSE
	EndGlobalSection
	GlobalSection(ExtensibilityGlobals) = postSolution
		SolutionGuid = {6917A2B0-0724-442E-940E-F14F7F6A0320}
	EndGlobalSection
EndGlobal
