
Microsoft Visual Studio Solution File, Format Version 12.00
# Visual Studio Version 17
VisualStudioVersion = 17.10.35027.167
MinimumVisualStudioVersion = 10.0.40219.1
Project("{9A19103F-16F7-4668-BE54-9A1E7A4F7556}") = "DPM225453_PhanHuuNhan_Pattern06_Bridge", "DPM225453_PhanHuuNhan_Pattern06_Bridge.csproj", "{EF3CE854-AD2D-418D-BFDA-B903FC9F1053}"
EndProject
Global
	GlobalSection(SolutionConfigurationPlatforms) = preSolution
		Debug|Any CPU = Debug|Any CPU
		Release|Any CPU = Release|Any CPU
	EndGlobalSection
	GlobalSection(ProjectConfigurationPlatforms) = postSolution
		{EF3CE854-AD2D-418D-BFDA-B903FC9F1053}.Debug|Any CPU.ActiveCfg = Debug|Any CPU
		{EF3CE854-AD2D-418D-BFDA-B903FC9F1053}.Debug|Any CPU.Build.0 = Debug|Any CPU
		{EF3CE854-AD2D-418D-BFDA-B903FC9F1053}.Release|Any CPU.ActiveCfg = Release|Any CPU
		{EF3CE854-AD2D-418D-BFDA-B903FC9F1053}.Release|Any CPU.Build.0 = Release|Any CPU
	EndGlobalSection
	GlobalSection(SolutionProperties) = preSolution
		HideSolutionNode = FALSE
	EndGlobalSection
	GlobalSection(ExtensibilityGlobals) = postSolution
		SolutionGuid = {2485D097-887B-477B-A0C2-82D3F5200D21}
	EndGlobalSection
EndGlobal
